dependencies:
- name: common
  repository: https://charts.bitnami.com/bitnami
  version: 2.4.0
- name: mariadb
  repository: https://charts.bitnami.com/bitnami
  version: 11.5.1
- name: beanstalkd
  repository: https://nurfaizin.github.io/helm-charts
  version: 1.13.0-20230514
- name: redis
  repository: https://charts.bitnami.com/bitnami
  version: 17.2.0
digest: sha256:e5de2a9bf5a6951d328950fd9b89d66b2c3b277920ae87f0f70ca908edc76dc4
generated: "2023-05-30T22:28:17.7262545+07:00"
